
Microsoft Visual Studio Solution File, Format Version 12.00
Project("{FAE04EC0-301F-11D3-BF4B-00C04F79EFBC}") = "MyMod", "MyMod\MyMod.csproj", "{17D00ABB-1835-4472-BBC6-531CDA73E0E6}"
EndProject
Project("{FAE04EC0-301F-11D3-BF4B-00C04F79EFBC}") = "Bootstrap", "Bootstrap\Bootstrap.csproj", "{37BFD948-72ED-4D01-A682-430EF06315E1}"
EndProject
Global
	GlobalSection(SolutionConfigurationPlatforms) = preSolution
		Debug|Any CPU = Debug|Any CPU
		Release|Any CPU = Release|Any CPU
	EndGlobalSection
	GlobalSection(ProjectConfigurationPlatforms) = postSolution
		{17D00ABB-1835-4472-BBC6-531CDA73E0E6}.Debug|Any CPU.ActiveCfg = Debug|Any CPU
		{17D00ABB-1835-4472-BBC6-531CDA73E0E6}.Debug|Any CPU.Build.0 = Debug|Any CPU
		{17D00ABB-1835-4472-BBC6-531CDA73E0E6}.Release|Any CPU.ActiveCfg = Release|Any CPU
		{17D00ABB-1835-4472-BBC6-531CDA73E0E6}.Release|Any CPU.Build.0 = Release|Any CPU
		{37BFD948-72ED-4D01-A682-430EF06315E1}.Debug|Any CPU.ActiveCfg = Debug|Any CPU
		{37BFD948-72ED-4D01-A682-430EF06315E1}.Debug|Any CPU.Build.0 = Debug|Any CPU
		{37BFD948-72ED-4D01-A682-430EF06315E1}.Release|Any CPU.ActiveCfg = Release|Any CPU
		{37BFD948-72ED-4D01-A682-430EF06315E1}.Release|Any CPU.Build.0 = Release|Any CPU
	EndGlobalSection
EndGlobal
